// !$*UTF8*$!
{
	archiveVersion = 1;
	classes = {
	};
	objectVersion = 46;
	objects = {

/* Begin PBXBuildFile section */
		C28B395219C5D7260084803E /* Foundation.framework in Frameworks */ = {isa = PBXBuildFile; fileRef = C28B395119C5D7260084803E /* Foundation.framework */; };
		C28B395419C5D7260084803E /* CoreGraphics.framework in Frameworks */ = {isa = PBXBuildFile; fileRef = C28B395319C5D7260084803E /* CoreGraphics.framework */; };
		C28B395619C5D7260084803E /* UIKit.framework in Frameworks */ = {isa = PBXBuildFile; fileRef = C28B395519C5D7260084803E /* UIKit.framework */; };
		C28B395C19C5D7260084803E /* InfoPlist.strings in Resources */ = {isa = PBXBuildFile; fileRef = C28B395A19C5D7260084803E /* InfoPlist.strings */; };
		C28B395E19C5D7260084803E /* main.m in Sources */ = {isa = PBXBuildFile; fileRef = C28B395D19C5D7260084803E /* main.m */; };
		C28B396219C5D7260084803E /* JMAppDelegate.m in Sources */ = {isa = PBXBuildFile; fileRef = C28B396119C5D7260084803E /* JMAppDelegate.m */; };
		C28B396519C5D7260084803E /* Main.storyboard in Resources */ = {isa = PBXBuildFile; fileRef = C28B396319C5D7260084803E /* Main.storyboard */; };
		C28B396819C5D7260084803E /* JMViewController.m in Sources */ = {isa = PBXBuildFile; fileRef = C28B396719C5D7260084803E /* JMViewController.m */; };
		C28B396A19C5D7260084803E /* Images.xcassets in Resources */ = {isa = PBXBuildFile; fileRef = C28B396919C5D7260084803E /* Images.xcassets */; };
		C28B397119C5D7260084803E /* XCTest.framework in Frameworks */ = {isa = PBXBuildFile; fileRef = C28B397019C5D7260084803E /* XCTest.framework */; };
		C28B397219C5D7260084803E /* Foundation.framework in Frameworks */ = {isa = PBXBuildFile; fileRef = C28B395119C5D7260084803E /* Foundation.framework */; };
		C28B397319C5D7260084803E /* UIKit.framework in Frameworks */ = {isa = PBXBuildFile; fileRef = C28B395519C5D7260084803E /* UIKit.framework */; };
		C28B397B19C5D7260084803E /* InfoPlist.strings in Resources */ = {isa = PBXBuildFile; fileRef = C28B397919C5D7260084803E /* InfoPlist.strings */; };
		C28B397D19C5D7260084803E /* JMAnimationDescriptionTests.m in Sources */ = {isa = PBXBuildFile; fileRef = C28B397C19C5D7260084803E /* JMAnimationDescriptionTests.m */; };
/* End PBXBuildFile section */

/* Begin PBXContainerItemProxy section */
		C28B397419C5D7260084803E /* PBXContainerItemProxy */ = {
			isa = PBXContainerItemProxy;
			containerPortal = C28B394619C5D7260084803E /* Project object */;
			proxyType = 1;
			remoteGlobalIDString = C28B394D19C5D7260084803E;
			remoteInfo = JMAnimationDescription;
		};
/* End PBXContainerItemProxy section */

/* Begin PBXFileReference section */
		C28B394E19C5D7260084803E /* JMAnimationDescription.app */ = {isa = PBXFileReference; explicitFileType = wrapper.application; includeInIndex = 0; path = JMAnimationDescription.app; sourceTree = BUILT_PRODUCTS_DIR; };
		C28B395119C5D7260084803E /* Foundation.framework */ = {isa = PBXFileReference; lastKnownFileType = wrapper.framework; name = Foundation.framework; path = System/Library/Frameworks/Foundation.framework; sourceTree = SDKROOT; };
		C28B395319C5D7260084803E /* CoreGraphics.framework */ = {isa = PBXFileReference; lastKnownFileType = wrapper.framework; name = CoreGraphics.framework; path = System/Library/Frameworks/CoreGraphics.framework; sourceTree = SDKROOT; };
		C28B395519C5D7260084803E /* UIKit.framework */ = {isa = PBXFileReference; lastKnownFileType = wrapper.framework; name = UIKit.framework; path = System/Library/Frameworks/UIKit.framework; sourceTree = SDKROOT; };
		C28B395919C5D7260084803E /* JMAnimationDescription-Info.plist */ = {isa = PBXFileReference; lastKnownFileType = text.plist.xml; path = "JMAnimationDescription-Info.plist"; sourceTree = "<group>"; };
		C28B395B19C5D7260084803E /* en */ = {isa = PBXFileReference; lastKnownFileType = text.plist.strings; name = en; path = en.lproj/InfoPlist.strings; sourceTree = "<group>"; };
		C28B395D19C5D7260084803E /* main.m */ = {isa = PBXFileReference; lastKnownFileType = sourcecode.c.objc; path = main.m; sourceTree = "<group>"; };
		C28B395F19C5D7260084803E /* JMAnimationDescription-Prefix.pch */ = {isa = PBXFileReference; lastKnownFileType = sourcecode.c.h; path = "JMAnimationDescription-Prefix.pch"; sourceTree = "<group>"; };
		C28B396019C5D7260084803E /* JMAppDelegate.h */ = {isa = PBXFileReference; lastKnownFileType = sourcecode.c.h; path = JMAppDelegate.h; sourceTree = "<group>"; };
		C28B396119C5D7260084803E /* JMAppDelegate.m */ = {isa = PBXFileReference; lastKnownFileType = sourcecode.c.objc; path = JMAppDelegate.m; sourceTree = "<group>"; };
		C28B396419C5D7260084803E /* Base */ = {isa = PBXFileReference; lastKnownFileType = file.storyboard; name = Base; path = Base.lproj/Main.storyboard; sourceTree = "<group>"; };
		C28B396619C5D7260084803E /* JMViewController.h */ = {isa = PBXFileReference; lastKnownFileType = sourcecode.c.h; path = JMViewController.h; sourceTree = "<group>"; };
		C28B396719C5D7260084803E /* JMViewController.m */ = {isa = PBXFileReference; lastKnownFileType = sourcecode.c.objc; path = JMViewController.m; sourceTree = "<group>"; };
		C28B396919C5D7260084803E /* Images.xcassets */ = {isa = PBXFileReference; lastKnownFileType = folder.assetcatalog; path = Images.xcassets; sourceTree = "<group>"; };
		C28B396F19C5D7260084803E /* JMAnimationDescriptionTests.xctest */ = {isa = PBXFileReference; explicitFileType = wrapper.cfbundle; includeInIndex = 0; path = JMAnimationDescriptionTests.xctest; sourceTree = BUILT_PRODUCTS_DIR; };
		C28B397019C5D7260084803E /* XCTest.framework */ = {isa = PBXFileReference; lastKnownFileType = wrapper.framework; name = XCTest.framework; path = Library/Frameworks/XCTest.framework; sourceTree = DEVELOPER_DIR; };
		C28B397819C5D7260084803E /* JMAnimationDescriptionTests-Info.plist */ = {isa = PBXFileReference; lastKnownFileType = text.plist.xml; path = "JMAnimationDescriptionTests-Info.plist"; sourceTree = "<group>"; };
		C28B397A19C5D7260084803E /* en */ = {isa = PBXFileReference; lastKnownFileType = text.plist.strings; name = en; path = en.lproj/InfoPlist.strings; sourceTree = "<group>"; };
		C28B397C19C5D7260084803E /* JMAnimationDescriptionTests.m */ = {isa = PBXFileReference; lastKnownFileType = sourcecode.c.objc; path = JMAnimationDescriptionTests.m; sourceTree = "<group>"; };
/* End PBXFileReference section */

/* Begin PBXFrameworksBuildPhase section */
		C28B394B19C5D7260084803E /* Frameworks */ = {
			isa = PBXFrameworksBuildPhase;
			buildActionMask = 2147483647;
			files = (
				C28B395419C5D7260084803E /* CoreGraphics.framework in Frameworks */,
				C28B395619C5D7260084803E /* UIKit.framework in Frameworks */,
				C28B395219C5D7260084803E /* Foundation.framework in Frameworks */,
			);
			runOnlyForDeploymentPostprocessing = 0;
		};
		C28B396C19C5D7260084803E /* Frameworks */ = {
			isa = PBXFrameworksBuildPhase;
			buildActionMask = 2147483647;
			files = (
				C28B397119C5D7260084803E /* XCTest.framework in Frameworks */,
				C28B397319C5D7260084803E /* UIKit.framework in Frameworks */,
				C28B397219C5D7260084803E /* Foundation.framework in Frameworks */,
			);
			runOnlyForDeploymentPostprocessing = 0;
		};
/* End PBXFrameworksBuildPhase section */

/* Begin PBXGroup section */
		C28B394519C5D7260084803E = {
			isa = PBXGroup;
			children = (
				C28B395719C5D7260084803E /* JMAnimationDescription */,
				C28B397619C5D7260084803E /* JMAnimationDescriptionTests */,
				C28B395019C5D7260084803E /* Frameworks */,
				C28B394F19C5D7260084803E /* Products */,
			);
			sourceTree = "<group>";
		};
		C28B394F19C5D7260084803E /* Products */ = {
			isa = PBXGroup;
			children = (
				C28B394E19C5D7260084803E /* JMAnimationDescription.app */,
				C28B396F19C5D7260084803E /* JMAnimationDescriptionTests.xctest */,
			);
			name = Products;
			sourceTree = "<group>";
		};
		C28B395019C5D7260084803E /* Frameworks */ = {
			isa = PBXGroup;
			children = (
				C28B395119C5D7260084803E /* Foundation.framework */,
				C28B395319C5D7260084803E /* CoreGraphics.framework */,
				C28B395519C5D7260084803E /* UIKit.framework */,
				C28B397019C5D7260084803E /* XCTest.framework */,
			);
			name = Frameworks;
			sourceTree = "<group>";
		};
		C28B395719C5D7260084803E /* JMAnimationDescription */ = {
			isa = PBXGroup;
			children = (
				C28B396019C5D7260084803E /* JMAppDelegate.h */,
				C28B396119C5D7260084803E /* JMAppDelegate.m */,
				C28B396319C5D7260084803E /* Main.storyboard */,
				C28B396619C5D7260084803E /* JMViewController.h */,
				C28B396719C5D7260084803E /* JMViewController.m */,
				C28B396919C5D7260084803E /* Images.xcassets */,
				C28B395819C5D7260084803E /* Supporting Files */,
			);
			path = JMAnimationDescription;
			sourceTree = "<group>";
		};
		C28B395819C5D7260084803E /* Supporting Files */ = {
			isa = PBXGroup;
			children = (
				C28B395919C5D7260084803E /* JMAnimationDescription-Info.plist */,
				C28B395A19C5D7260084803E /* InfoPlist.strings */,
				C28B395D19C5D7260084803E /* main.m */,
				C28B395F19C5D7260084803E /* JMAnimationDescription-Prefix.pch */,
			);
			name = "Supporting Files";
			sourceTree = "<group>";
		};
		C28B397619C5D7260084803E /* JMAnimationDescriptionTests */ = {
			isa = PBXGroup;
			children = (
				C28B397C19C5D7260084803E /* JMAnimationDescriptionTests.m */,
				C28B397719C5D7260084803E /* Supporting Files */,
			);
			path = JMAnimationDescriptionTests;
			sourceTree = "<group>";
		};
		C28B397719C5D7260084803E /* Supporting Files */ = {
			isa = PBXGroup;
			children = (
				C28B397819C5D7260084803E /* JMAnimationDescriptionTests-Info.plist */,
				C28B397919C5D7260084803E /* InfoPlist.strings */,
			);
			name = "Supporting Files";
			sourceTree = "<group>";
		};
/* End PBXGroup section */

/* Begin PBXNativeTarget section */
		C28B394D19C5D7260084803E /* JMAnimationDescription */ = {
			isa = PBXNativeTarget;
			buildConfigurationList = C28B398019C5D7260084803E /* Build configuration list for PBXNativeTarget "JMAnimationDescription" */;
			buildPhases = (
				C28B394A19C5D7260084803E /* Sources */,
				C28B394B19C5D7260084803E /* Frameworks */,
				C28B394C19C5D7260084803E /* Resources */,
			);
			buildRules = (
			);
			dependencies = (
			);
			name = JMAnimationDescription;
			productName = JMAnimationDescription;
			productReference = C28B394E19C5D7260084803E /* JMAnimationDescription.app */;
			productType = "com.apple.product-type.application";
		};
		C28B396E19C5D7260084803E /* JMAnimationDescriptionTests */ = {
			isa = PBXNativeTarget;
			buildConfigurationList = C28B398319C5D7260084803E /* Build configuration list for PBXNativeTarget "JMAnimationDescriptionTests" */;
			buildPhases = (
				C28B396B19C5D7260084803E /* Sources */,
				C28B396C19C5D7260084803E /* Frameworks */,
				C28B396D19C5D7260084803E /* Resources */,
			);
			buildRules = (
			);
			dependencies = (
				C28B397519C5D7260084803E /* PBXTargetDependency */,
			);
			name = JMAnimationDescriptionTests;
			productName = JMAnimationDescriptionTests;
			productReference = C28B396F19C5D7260084803E /* JMAnimationDescriptionTests.xctest */;
			productType = "com.apple.product-type.bundle.unit-test";
		};
/* End PBXNativeTarget section */

/* Begin PBXProject section */
		C28B394619C5D7260084803E /* Project object */ = {
			isa = PBXProject;
			attributes = {
				CLASSPREFIX = JM;
				LastUpgradeCheck = 0510;
				ORGANIZATIONNAME = "jerome morissard";
				TargetAttributes = {
					C28B396E19C5D7260084803E = {
						TestTargetID = C28B394D19C5D7260084803E;
					};
				};
			};
			buildConfigurationList = C28B394919C5D7260084803E /* Build configuration list for PBXProject "JMAnimationDescription" */;
			compatibilityVersion = "Xcode 3.2";
			developmentRegion = English;
			hasScannedForEncodings = 0;
			knownRegions = (
				en,
				Base,
			);
			mainGroup = C28B394519C5D7260084803E;
			productRefGroup = C28B394F19C5D7260084803E /* Products */;
			projectDirPath = "";
			projectRoot = "";
			targets = (
				C28B394D19C5D7260084803E /* JMAnimationDescription */,
				C28B396E19C5D7260084803E /* JMAnimationDescriptionTests */,
			);
		};
/* End PBXProject section */

/* Begin PBXResourcesBuildPhase section */
		C28B394C19C5D7260084803E /* Resources */ = {
			isa = PBXResourcesBuildPhase;
			buildActionMask = 2147483647;
			files = (
				C28B396A19C5D7260084803E /* Images.xcassets in Resources */,
				C28B395C19C5D7260084803E /* InfoPlist.strings in Resources */,
				C28B396519C5D7260084803E /* Main.storyboard in Resources */,
			);
			runOnlyForDeploymentPostprocessing = 0;
		};
		C28B396D19C5D7260084803E /* Resources */ = {
			isa = PBXResourcesBuildPhase;
			buildActionMask = 2147483647;
			files = (
				C28B397B19C5D7260084803E /* InfoPlist.strings in Resources */,
			);
			runOnlyForDeploymentPostprocessing = 0;
		};
/* End PBXResourcesBuildPhase section */

/* Begin PBXSourcesBuildPhase section */
		C28B394A19C5D7260084803E /* Sources */ = {
			isa = PBXSourcesBuildPhase;
			buildActionMask = 2147483647;
			files = (
				C28B395E19C5D7260084803E /* main.m in Sources */,
				C28B396819C5D7260084803E /* JMViewController.m in Sources */,
				C28B396219C5D7260084803E /* JMAppDelegate.m in Sources */,
			);
			runOnlyForDeploymentPostprocessing = 0;
		};
		C28B396B19C5D7260084803E /* Sources */ = {
			isa = PBXSourcesBuildPhase;
			buildActionMask = 2147483647;
			files = (
				C28B397D19C5D7260084803E /* JMAnimationDescriptionTests.m in Sources */,
			);
			runOnlyForDeploymentPostprocessing = 0;
		};
/* End PBXSourcesBuildPhase section */

/* Begin PBXTargetDependency section */
		C28B397519C5D7260084803E /* PBXTargetDependency */ = {
			isa = PBXTargetDependency;
			target = C28B394D19C5D7260084803E /* JMAnimationDescription */;
			targetProxy = C28B397419C5D7260084803E /* PBXContainerItemProxy */;
		};
/* End PBXTargetDependency section */

/* Begin PBXVariantGroup section */
		C28B395A19C5D7260084803E /* InfoPlist.strings */ = {
			isa = PBXVariantGroup;
			children = (
				C28B395B19C5D7260084803E /* en */,
			);
			name = InfoPlist.strings;
			sourceTree = "<group>";
		};
		C28B396319C5D7260084803E /* Main.storyboard */ = {
			isa = PBXVariantGroup;
			children = (
				C28B396419C5D7260084803E /* Base */,
			);
			name = Main.storyboard;
			sourceTree = "<group>";
		};
		C28B397919C5D7260084803E /* InfoPlist.strings */ = {
			isa = PBXVariantGroup;
			children = (
				C28B397A19C5D7260084803E /* en */,
			);
			name = InfoPlist.strings;
			sourceTree = "<group>";
		};
/* End PBXVariantGroup section */

/* Begin XCBuildConfiguration section */
		C28B397E19C5D7260084803E /* Debug */ = {
			isa = XCBuildConfiguration;
			buildSettings = {
				ALWAYS_SEARCH_USER_PATHS = NO;
				CLANG_CXX_LANGUAGE_STANDARD = "gnu++0x";
				CLANG_CXX_LIBRARY = "libc++";
				CLANG_ENABLE_MODULES = YES;
				CLANG_ENABLE_OBJC_ARC = YES;
				CLANG_WARN_BOOL_CONVERSION = YES;
				CLANG_WARN_CONSTANT_CONVERSION = YES;
				CLANG_WARN_DIRECT_OBJC_ISA_USAGE = YES_ERROR;
				CLANG_WARN_EMPTY_BODY = YES;
				CLANG_WARN_ENUM_CONVERSION = YES;
				CLANG_WARN_INT_CONVERSION = YES;
				CLANG_WARN_OBJC_ROOT_CLASS = YES_ERROR;
				CLANG_WARN__DUPLICATE_METHOD_MATCH = YES;
				"CODE_SIGN_IDENTITY[sdk=iphoneos*]" = "iPhone Developer";
				COPY_PHASE_STRIP = NO;
				GCC_C_LANGUAGE_STANDARD = gnu99;
				GCC_DYNAMIC_NO_PIC = NO;
				GCC_OPTIMIZATION_LEVEL = 0;
				GCC_PREPROCESSOR_DEFINITIONS = (
					"DEBUG=1",
					"$(inherited)",
				);
				GCC_SYMBOLS_PRIVATE_EXTERN = NO;
				GCC_WARN_64_TO_32_BIT_CONVERSION = YES;
				GCC_WARN_ABOUT_RETURN_TYPE = YES_ERROR;
				GCC_WARN_UNDECLARED_SELECTOR = YES;
				GCC_WARN_UNINITIALIZED_AUTOS = YES_AGGRESSIVE;
				GCC_WARN_UNUSED_FUNCTION = YES;
				GCC_WARN_UNUSED_VARIABLE = YES;
				IPHONEOS_DEPLOYMENT_TARGET = 7.1;
				ONLY_ACTIVE_ARCH = YES;
				SDKROOT = iphoneos;
			};
			name = Debug;
		};
		C28B397F19C5D7260084803E /* Release */ = {
			isa = XCBuildConfiguration;
			buildSettings = {
				ALWAYS_SEARCH_USER_PATHS = NO;
				CLANG_CXX_LANGUAGE_STANDARD = "gnu++0x";
				CLANG_CXX_LIBRARY = "libc++";
				CLANG_ENABLE_MODULES = YES;
				CLANG_ENABLE_OBJC_ARC = YES;
				CLANG_WARN_BOOL_CONVERSION = YES;
				CLANG_WARN_CONSTANT_CONVERSION = YES;
				CLANG_WARN_DIRECT_OBJC_ISA_USAGE = YES_ERROR;
				CLANG_WARN_EMPTY_BODY = YES;
				CLANG_WARN_ENUM_CONVERSION = YES;
				CLANG_WARN_INT_CONVERSION = YES;
				CLANG_WARN_OBJC_ROOT_CLASS = YES_ERROR;
				CLANG_WARN__DUPLICATE_METHOD_MATCH = YES;
				"CODE_SIGN_IDENTITY[sdk=iphoneos*]" = "iPhone Developer";
				COPY_PHASE_STRIP = YES;
				ENABLE_NS_ASSERTIONS = NO;
				GCC_C_LANGUAGE_STANDARD = gnu99;
				GCC_WARN_64_TO_32_BIT_CONVERSION = YES;
				GCC_WARN_ABOUT_RETURN_TYPE = YES_ERROR;
				GCC_WARN_UNDECLARED_SELECTOR = YES;
				GCC_WARN_UNINITIALIZED_AUTOS = YES_AGGRESSIVE;
				GCC_WARN_UNUSED_FUNCTION = YES;
				GCC_WARN_UNUSED_VARIABLE = YES;
				IPHONEOS_DEPLOYMENT_TARGET = 7.1;
				SDKROOT = iphoneos;
				VALIDATE_PRODUCT = YES;
			};
			name = Release;
		};
		C28B398119C5D7260084803E /* Debug */ = {
			isa = XCBuildConfiguration;
			buildSettings = {
				ASSETCATALOG_COMPILER_APPICON_NAME = AppIcon;
				ASSETCATALOG_COMPILER_LAUNCHIMAGE_NAME = LaunchImage;
				GCC_PRECOMPILE_PREFIX_HEADER = YES;
				GCC_PREFIX_HEADER = "JMAnimationDescription/JMAnimationDescription-Prefix.pch";
				INFOPLIST_FILE = "JMAnimationDescription/JMAnimationDescription-Info.plist";
				PRODUCT_NAME = "$(TARGET_NAME)";
				WRAPPER_EXTENSION = app;
			};
			name = Debug;
		};
		C28B398219C5D7260084803E /* Release */ = {
			isa = XCBuildConfiguration;
			buildSettings = {
				ASSETCATALOG_COMPILER_APPICON_NAME = AppIcon;
				ASSETCATALOG_COMPILER_LAUNCHIMAGE_NAME = LaunchImage;
				GCC_PRECOMPILE_PREFIX_HEADER = YES;
				GCC_PREFIX_HEADER = "JMAnimationDescription/JMAnimationDescription-Prefix.pch";
				INFOPLIST_FILE = "JMAnimationDescription/JMAnimationDescription-Info.plist";
				PRODUCT_NAME = "$(TARGET_NAME)";
				WRAPPER_EXTENSION = app;
			};
			name = Release;
		};
		C28B398419C5D7260084803E /* Debug */ = {
			isa = XCBuildConfiguration;
			buildSettings = {
				BUNDLE_LOADER = "$(BUILT_PRODUCTS_DIR)/JMAnimationDescription.app/JMAnimationDescription";
				FRAMEWORK_SEARCH_PATHS = (
					"$(SDKROOT)/Developer/Library/Frameworks",
					"$(inherited)",
					"$(DEVELOPER_FRAMEWORKS_DIR)",
				);
				GCC_PRECOMPILE_PREFIX_HEADER = YES;
				GCC_PREFIX_HEADER = "JMAnimationDescription/JMAnimationDescription-Prefix.pch";
				GCC_PREPROCESSOR_DEFINITIONS = (
					"DEBUG=1",
					"$(inherited)",
				);
				INFOPLIST_FILE = "JMAnimationDescriptionTests/JMAnimationDescriptionTests-Info.plist";
				PRODUCT_NAME = "$(TARGET_NAME)";
				TEST_HOST = "$(BUNDLE_LOADER)";
				WRAPPER_EXTENSION = xctest;
			};
			name = Debug;
		};
		C28B398519C5D7260084803E /* Release */ = {
			isa = XCBuildConfiguration;
			buildSettings = {
				BUNDLE_LOADER = "$(BUILT_PRODUCTS_DIR)/JMAnimationDescription.app/JMAnimationDescription";
				FRAMEWORK_SEARCH_PATHS = (
					"$(SDKROOT)/Developer/Library/Frameworks",
					"$(inherited)",
					"$(DEVELOPER_FRAMEWORKS_DIR)",
				);
				GCC_PRECOMPILE_PREFIX_HEADER = YES;
				GCC_PREFIX_HEADER = "JMAnimationDescription/JMAnimationDescription-Prefix.pch";
				INFOPLIST_FILE = "JMAnimationDescriptionTests/JMAnimationDescriptionTests-Info.plist";
				PRODUCT_NAME = "$(TARGET_NAME)";
				TEST_HOST = "$(BUNDLE_LOADER)";
				WRAPPER_EXTENSION = xctest;
			};
			name = Release;
		};
/* End XCBuildConfiguration section */

/* Begin XCConfigurationList section */
		C28B394919C5D7260084803E /* Build configuration list for PBXProject "JMAnimationDescription" */ = {
			isa = XCConfigurationList;
			buildConfigurations = (
				C28B397E19C5D7260084803E /* Debug */,
				C28B397F19C5D7260084803E /* Release */,
			);
			defaultConfigurationIsVisible = 0;
			defaultConfigurationName = Release;
		};
		C28B398019C5D7260084803E /* Build configuration list for PBXNativeTarget "JMAnimationDescription" */ = {
			isa = XCConfigurationList;
			buildConfigurations = (
				C28B398119C5D7260084803E /* Debug */,
				C28B398219C5D7260084803E /* Release */,
			);
			defaultConfigurationIsVisible = 0;
		};
		C28B398319C5D7260084803E /* Build configuration list for PBXNativeTarget "JMAnimationDescriptionTests" */ = {
			isa = XCConfigurationList;
			buildConfigurations = (
				C28B398419C5D7260084803E /* Debug */,
				C28B398519C5D7260084803E /* Release */,
			);
			defaultConfigurationIsVisible = 0;
		};
/* End XCConfigurationList section */
	};
	rootObject = C28B394619C5D7260084803E /* Project object */;
}
